
Microsoft Visual Studio Solution File, Format Version 12.00
# Visual Studio Version 17
VisualStudioVersion = 17.9.34701.34
MinimumVisualStudioVersion = 10.0.40219.1
Project("{FAE04EC0-301F-11D3-BF4B-00C04F79EFBC}") = "ProjectLabPSD", "ProjectLabPSD\ProjectLabPSD.csproj", "{8B2CDE66-7783-41FF-ACDD-DC4DCA975944}"
EndProject
Global
	GlobalSection(SolutionConfigurationPlatforms) = preSolution
		Debug|Any CPU = Debug|Any CPU
		Release|Any CPU = Release|Any CPU
	EndGlobalSection
	GlobalSection(ProjectConfigurationPlatforms) = postSolution
		{8B2CDE66-7783-41FF-ACDD-DC4DCA975944}.Debug|Any CPU.ActiveCfg = Debug|Any CPU
		{8B2CDE66-7783-41FF-ACDD-DC4DCA975944}.Debug|Any CPU.Build.0 = Debug|Any CPU
		{8B2CDE66-7783-41FF-ACDD-DC4DCA975944}.Release|Any CPU.ActiveCfg = Release|Any CPU
		{8B2CDE66-7783-41FF-ACDD-DC4DCA975944}.Release|Any CPU.Build.0 = Release|Any CPU
	EndGlobalSection
	GlobalSection(SolutionProperties) = preSolution
		HideSolutionNode = FALSE
	EndGlobalSection
	GlobalSection(ExtensibilityGlobals) = postSolution
		SolutionGuid = {B690E7FE-1598-40D1-B276-8E7A070F9A7E}
	EndGlobalSection
EndGlobal
